
Microsoft Visual Studio Solution File, Format Version 12.00
# Visual Studio Version 16
VisualStudioVersion = 16.0.31515.178
MinimumVisualStudioVersion = 10.0.40219.1
Project("{FAE04EC0-301F-11D3-BF4B-00C04F79EFBC}") = "ProjectGrid", "ProjectGrid.csproj", "{247CB9D9-4B8A-489F-86EC-6FC871D99CFD}"
EndProject
Global
	GlobalSection(SolutionConfigurationPlatforms) = preSolution
		Debug|Any CPU = Debug|Any CPU
		Release|Any CPU = Release|Any CPU
	EndGlobalSection
	GlobalSection(ProjectConfigurationPlatforms) = postSolution
		{247CB9D9-4B8A-489F-86EC-6FC871D99CFD}.Debug|Any CPU.ActiveCfg = Debug|Any CPU
		{247CB9D9-4B8A-489F-86EC-6FC871D99CFD}.Debug|Any CPU.Build.0 = Debug|Any CPU
		{247CB9D9-4B8A-489F-86EC-6FC871D99CFD}.Release|Any CPU.ActiveCfg = Release|Any CPU
		{247CB9D9-4B8A-489F-86EC-6FC871D99CFD}.Release|Any CPU.Build.0 = Release|Any CPU
	EndGlobalSection
	GlobalSection(SolutionProperties) = preSolution
		HideSolutionNode = FALSE
	EndGlobalSection
	GlobalSection(ExtensibilityGlobals) = postSolution
		SolutionGuid = {14170297-F710-4869-AD61-D2855A5E0C4A}
	EndGlobalSection
EndGlobal
